// !$*UTF8*$!
{
	archiveVersion = 1;
	classes = {
	};
	objectVersion = 48;
	objects = {

/* Begin PBXBuildFile section */
		614032B11FFE511D002E02F1 /* AppDelegate.swift in Sources */ = {isa = PBXBuildFile; fileRef = 614032B01FFE511D002E02F1 /* AppDelegate.swift */; };
		614032B61FFE511D002E02F1 /* Main.storyboard in Resources */ = {isa = PBXBuildFile; fileRef = 614032B41FFE511D002E02F1 /* Main.storyboard */; };
		614032B81FFE511D002E02F1 /* Assets.xcassets in Resources */ = {isa = PBXBuildFile; fileRef = 614032B71FFE511D002E02F1 /* Assets.xcassets */; };
		614032BB1FFE511D002E02F1 /* LaunchScreen.storyboard in Resources */ = {isa = PBXBuildFile; fileRef = 614032B91FFE511D002E02F1 /* LaunchScreen.storyboard */; };
		614032C61FFE6B1A002E02F1 /* SWRevealViewController.m in Sources */ = {isa = PBXBuildFile; fileRef = 614032C51FFE6B1A002E02F1 /* SWRevealViewController.m */; };
		6159E1D62008E9C400F2C6FB /* ChatVC.swift in Sources */ = {isa = PBXBuildFile; fileRef = 6159E1D52008E9C400F2C6FB /* ChatVC.swift */; };
		6159E1D82008E9D100F2C6FB /* ChannelVC.swift in Sources */ = {isa = PBXBuildFile; fileRef = 6159E1D72008E9D100F2C6FB /* ChannelVC.swift */; };
		6159E1DA2008ED9C00F2C6FB /* GradientView.swift in Sources */ = {isa = PBXBuildFile; fileRef = 6159E1D92008ED9C00F2C6FB /* GradientView.swift */; };
		DC1E4C7191001543BB2D52C4 /* Pods_Smack.framework in Frameworks */ = {isa = PBXBuildFile; fileRef = 5BBC558F8E74DC3865ED49EF /* Pods_Smack.framework */; };
/* End PBXBuildFile section */

/* Begin PBXFileReference section */
		5BBC558F8E74DC3865ED49EF /* Pods_Smack.framework */ = {isa = PBXFileReference; explicitFileType = wrapper.framework; includeInIndex = 0; path = Pods_Smack.framework; sourceTree = BUILT_PRODUCTS_DIR; };
		5C7AEEB2FB2256538A6C861B /* Pods-Smack.debug.xcconfig */ = {isa = PBXFileReference; includeInIndex = 1; lastKnownFileType = text.xcconfig; name = "Pods-Smack.debug.xcconfig"; path = "Pods/Target Support Files/Pods-Smack/Pods-Smack.debug.xcconfig"; sourceTree = "<group>"; };
		5E1C30A3526BB64091F4C876 /* Pods-Smack.release.xcconfig */ = {isa = PBXFileReference; includeInIndex = 1; lastKnownFileType = text.xcconfig; name = "Pods-Smack.release.xcconfig"; path = "Pods/Target Support Files/Pods-Smack/Pods-Smack.release.xcconfig"; sourceTree = "<group>"; };
		614032AD1FFE511D002E02F1 /* Smack.app */ = {isa = PBXFileReference; explicitFileType = wrapper.application; includeInIndex = 0; path = Smack.app; sourceTree = BUILT_PRODUCTS_DIR; };
		614032B01FFE511D002E02F1 /* AppDelegate.swift */ = {isa = PBXFileReference; lastKnownFileType = sourcecode.swift; path = AppDelegate.swift; sourceTree = "<group>"; };
		614032B51FFE511D002E02F1 /* Base */ = {isa = PBXFileReference; lastKnownFileType = file.storyboard; name = Base; path = Base.lproj/Main.storyboard; sourceTree = "<group>"; };
		614032B71FFE511D002E02F1 /* Assets.xcassets */ = {isa = PBXFileReference; lastKnownFileType = folder.assetcatalog; path = Assets.xcassets; sourceTree = "<group>"; };
		614032BA1FFE511D002E02F1 /* Base */ = {isa = PBXFileReference; lastKnownFileType = file.storyboard; name = Base; path = Base.lproj/LaunchScreen.storyboard; sourceTree = "<group>"; };
		614032BC1FFE511D002E02F1 /* Info.plist */ = {isa = PBXFileReference; lastKnownFileType = text.plist.xml; path = Info.plist; sourceTree = "<group>"; };
		614032C31FFE6B19002E02F1 /* Smack-Bridging-Header.h */ = {isa = PBXFileReference; lastKnownFileType = sourcecode.c.h; path = "Smack-Bridging-Header.h"; sourceTree = "<group>"; };
		614032C41FFE6B1A002E02F1 /* SWRevealViewController.h */ = {isa = PBXFileReference; fileEncoding = 4; lastKnownFileType = sourcecode.c.h; path = SWRevealViewController.h; sourceTree = "<group>"; };
		614032C51FFE6B1A002E02F1 /* SWRevealViewController.m */ = {isa = PBXFileReference; fileEncoding = 4; lastKnownFileType = sourcecode.c.objc; path = SWRevealViewController.m; sourceTree = "<group>"; };
		6159E1D52008E9C400F2C6FB /* ChatVC.swift */ = {isa = PBXFileReference; lastKnownFileType = sourcecode.swift; path = ChatVC.swift; sourceTree = "<group>"; };
		6159E1D72008E9D100F2C6FB /* ChannelVC.swift */ = {isa = PBXFileReference; lastKnownFileType = sourcecode.swift; path = ChannelVC.swift; sourceTree = "<group>"; };
		6159E1D92008ED9C00F2C6FB /* GradientView.swift */ = {isa = PBXFileReference; lastKnownFileType = sourcecode.swift; path = GradientView.swift; sourceTree = "<group>"; };
/* End PBXFileReference section */

/* Begin PBXFrameworksBuildPhase section */
		614032AA1FFE511D002E02F1 /* Frameworks */ = {
			isa = PBXFrameworksBuildPhase;
			buildActionMask = 2147483647;
			files = (
				DC1E4C7191001543BB2D52C4 /* Pods_Smack.framework in Frameworks */,
			);
			runOnlyForDeploymentPostprocessing = 0;
		};
/* End PBXFrameworksBuildPhase section */

/* Begin PBXGroup section */
		2896C8CE245AC1BD63F3847F /* Frameworks */ = {
			isa = PBXGroup;
			children = (
				5BBC558F8E74DC3865ED49EF /* Pods_Smack.framework */,
			);
			name = Frameworks;
			sourceTree = "<group>";
		};
		59800D4054AA5607EEC7655D /* Pods */ = {
			isa = PBXGroup;
			children = (
				5C7AEEB2FB2256538A6C861B /* Pods-Smack.debug.xcconfig */,
				5E1C30A3526BB64091F4C876 /* Pods-Smack.release.xcconfig */,
			);
			name = Pods;
			sourceTree = "<group>";
		};
		614032A41FFE511D002E02F1 = {
			isa = PBXGroup;
			children = (
				614032AF1FFE511D002E02F1 /* Smack */,
				614032AE1FFE511D002E02F1 /* Products */,
				59800D4054AA5607EEC7655D /* Pods */,
				2896C8CE245AC1BD63F3847F /* Frameworks */,
			);
			sourceTree = "<group>";
		};
		614032AE1FFE511D002E02F1 /* Products */ = {
			isa = PBXGroup;
			children = (
				614032AD1FFE511D002E02F1 /* Smack.app */,
			);
			name = Products;
			sourceTree = "<group>";
		};
		614032AF1FFE511D002E02F1 /* Smack */ = {
			isa = PBXGroup;
			children = (
				6159E1D22008E97700F2C6FB /* Model */,
				6159E1D32008E97B00F2C6FB /* View */,
				6159E1D42008E98A00F2C6FB /* Controller */,
				614032C21FFE6AEE002E02F1 /* Supporting Files */,
				614032B01FFE511D002E02F1 /* AppDelegate.swift */,
				614032B41FFE511D002E02F1 /* Main.storyboard */,
				614032B71FFE511D002E02F1 /* Assets.xcassets */,
				614032B91FFE511D002E02F1 /* LaunchScreen.storyboard */,
				614032BC1FFE511D002E02F1 /* Info.plist */,
			);
			path = Smack;
			sourceTree = "<group>";
		};
		614032C21FFE6AEE002E02F1 /* Supporting Files */ = {
			isa = PBXGroup;
			children = (
				614032C41FFE6B1A002E02F1 /* SWRevealViewController.h */,
				614032C51FFE6B1A002E02F1 /* SWRevealViewController.m */,
				614032C31FFE6B19002E02F1 /* Smack-Bridging-Header.h */,
			);
			path = "Supporting Files";
			sourceTree = "<group>";
		};
		6159E1D22008E97700F2C6FB /* Model */ = {
			isa = PBXGroup;
			children = (
			);
			path = Model;
			sourceTree = "<group>";
		};
		6159E1D32008E97B00F2C6FB /* View */ = {
			isa = PBXGroup;
			children = (
				6159E1D92008ED9C00F2C6FB /* GradientView.swift */,
			);
			path = View;
			sourceTree = "<group>";
		};
		6159E1D42008E98A00F2C6FB /* Controller */ = {
			isa = PBXGroup;
			children = (
				6159E1D52008E9C400F2C6FB /* ChatVC.swift */,
				6159E1D72008E9D100F2C6FB /* ChannelVC.swift */,
			);
			path = Controller;
			sourceTree = "<group>";
		};
/* End PBXGroup section */

/* Begin PBXNativeTarget section */
		614032AC1FFE511D002E02F1 /* Smack */ = {
			isa = PBXNativeTarget;
			buildConfigurationList = 614032BF1FFE511D002E02F1 /* Build configuration list for PBXNativeTarget "Smack" */;
			buildPhases = (
				7FA6E32731475B849D926581 /* [CP] Check Pods Manifest.lock */,
				614032A91FFE511D002E02F1 /* Sources */,
				614032AA1FFE511D002E02F1 /* Frameworks */,
				614032AB1FFE511D002E02F1 /* Resources */,
				C2C407D010F5B00E4BD42B0D /* [CP] Embed Pods Frameworks */,
				7F5434ADFAC8E0D024F182AC /* [CP] Copy Pods Resources */,
			);
			buildRules = (
			);
			dependencies = (
			);
			name = Smack;
			productName = Smack;
			productReference = 614032AD1FFE511D002E02F1 /* Smack.app */;
			productType = "com.apple.product-type.application";
		};
/* End PBXNativeTarget section */

/* Begin PBXProject section */
		614032A51FFE511D002E02F1 /* Project object */ = {
			isa = PBXProject;
			attributes = {
				LastSwiftUpdateCheck = 0920;
				LastUpgradeCheck = 0920;
				ORGANIZATIONNAME = "Benjamin Wilson";
				TargetAttributes = {
					614032AC1FFE511D002E02F1 = {
						CreatedOnToolsVersion = 9.2;
						LastSwiftMigration = 0920;
						ProvisioningStyle = Automatic;
					};
				};
			};
			buildConfigurationList = 614032A81FFE511D002E02F1 /* Build configuration list for PBXProject "Smack" */;
			compatibilityVersion = "Xcode 8.0";
			developmentRegion = en;
			hasScannedForEncodings = 0;
			knownRegions = (
				en,
				Base,
			);
			mainGroup = 614032A41FFE511D002E02F1;
			productRefGroup = 614032AE1FFE511D002E02F1 /* Products */;
			projectDirPath = "";
			projectRoot = "";
			targets = (
				614032AC1FFE511D002E02F1 /* Smack */,
			);
		};
/* End PBXProject section */

/* Begin PBXResourcesBuildPhase section */
		614032AB1FFE511D002E02F1 /* Resources */ = {
			isa = PBXResourcesBuildPhase;
			buildActionMask = 2147483647;
			files = (
				614032BB1FFE511D002E02F1 /* LaunchScreen.storyboard in Resources */,
				614032B81FFE511D002E02F1 /* Assets.xcassets in Resources */,
				614032B61FFE511D002E02F1 /* Main.storyboard in Resources */,
			);
			runOnlyForDeploymentPostprocessing = 0;
		};
/* End PBXResourcesBuildPhase section */

/* Begin PBXShellScriptBuildPhase section */
		7F5434ADFAC8E0D024F182AC /* [CP] Copy Pods Resources */ = {
			isa = PBXShellScriptBuildPhase;
			buildActionMask = 2147483647;
			files = (
			);
			inputPaths = (
			);
			name = "[CP] Copy Pods Resources";
			outputPaths = (
			);
			runOnlyForDeploymentPostprocessing = 0;
			shellPath = /bin/sh;
			shellScript = "\"${SRCROOT}/Pods/Target Support Files/Pods-Smack/Pods-Smack-resources.sh\"\n";
			showEnvVarsInLog = 0;
		};
		7FA6E32731475B849D926581 /* [CP] Check Pods Manifest.lock */ = {
			isa = PBXShellScriptBuildPhase;
			buildActionMask = 2147483647;
			files = (
			);
			inputPaths = (
			);
			name = "[CP] Check Pods Manifest.lock";
			outputPaths = (
			);
			runOnlyForDeploymentPostprocessing = 0;
			shellPath = /bin/sh;
			shellScript = "diff \"${PODS_ROOT}/../Podfile.lock\" \"${PODS_ROOT}/Manifest.lock\" > /dev/null\nif [ $? != 0 ] ; then\n    # print error to STDERR\n    echo \"error: The sandbox is not in sync with the Podfile.lock. Run 'pod install' or update your CocoaPods installation.\" >&2\n    exit 1\nfi\n";
			showEnvVarsInLog = 0;
		};
		C2C407D010F5B00E4BD42B0D /* [CP] Embed Pods Frameworks */ = {
			isa = PBXShellScriptBuildPhase;
			buildActionMask = 2147483647;
			files = (
			);
			inputPaths = (
			);
			name = "[CP] Embed Pods Frameworks";
			outputPaths = (
			);
			runOnlyForDeploymentPostprocessing = 0;
			shellPath = /bin/sh;
			shellScript = "\"${SRCROOT}/Pods/Target Support Files/Pods-Smack/Pods-Smack-frameworks.sh\"\n";
			showEnvVarsInLog = 0;
		};
/* End PBXShellScriptBuildPhase section */

/* Begin PBXSourcesBuildPhase section */
		614032A91FFE511D002E02F1 /* Sources */ = {
			isa = PBXSourcesBuildPhase;
			buildActionMask = 2147483647;
			files = (
				6159E1D82008E9D100F2C6FB /* ChannelVC.swift in Sources */,
				6159E1D62008E9C400F2C6FB /* ChatVC.swift in Sources */,
				6159E1DA2008ED9C00F2C6FB /* GradientView.swift in Sources */,
				614032B11FFE511D002E02F1 /* AppDelegate.swift in Sources */,
				614032C61FFE6B1A002E02F1 /* SWRevealViewController.m in Sources */,
			);
			runOnlyForDeploymentPostprocessing = 0;
		};
/* End PBXSourcesBuildPhase section */

/* Begin PBXVariantGroup section */
		614032B41FFE511D002E02F1 /* Main.storyboard */ = {
			isa = PBXVariantGroup;
			children = (
				614032B51FFE511D002E02F1 /* Base */,
			);
			name = Main.storyboard;
			sourceTree = "<group>";
		};
		614032B91FFE511D002E02F1 /* LaunchScreen.storyboard */ = {
			isa = PBXVariantGroup;
			children = (
				614032BA1FFE511D002E02F1 /* Base */,
			);
			name = LaunchScreen.storyboard;
			sourceTree = "<group>";
		};
/* End PBXVariantGroup section */

/* Begin XCBuildConfiguration section */
		614032BD1FFE511D002E02F1 /* Debug */ = {
			isa = XCBuildConfiguration;
			buildSettings = {
				ALWAYS_SEARCH_USER_PATHS = NO;
				CLANG_ANALYZER_NONNULL = YES;
				CLANG_ANALYZER_NUMBER_OBJECT_CONVERSION = YES_AGGRESSIVE;
				CLANG_CXX_LANGUAGE_STANDARD = "gnu++14";
				CLANG_CXX_LIBRARY = "libc++";
				CLANG_ENABLE_MODULES = YES;
				CLANG_ENABLE_OBJC_ARC = YES;
				CLANG_WARN_BLOCK_CAPTURE_AUTORELEASING = YES;
				CLANG_WARN_BOOL_CONVERSION = YES;
				CLANG_WARN_COMMA = YES;
				CLANG_WARN_CONSTANT_CONVERSION = YES;
				CLANG_WARN_DIRECT_OBJC_ISA_USAGE = YES_ERROR;
				CLANG_WARN_DOCUMENTATION_COMMENTS = YES;
				CLANG_WARN_EMPTY_BODY = YES;
				CLANG_WARN_ENUM_CONVERSION = YES;
				CLANG_WARN_INFINITE_RECURSION = YES;
				CLANG_WARN_INT_CONVERSION = YES;
				CLANG_WARN_NON_LITERAL_NULL_CONVERSION = YES;
				CLANG_WARN_OBJC_LITERAL_CONVERSION = YES;
				CLANG_WARN_OBJC_ROOT_CLASS = YES_ERROR;
				CLANG_WARN_RANGE_LOOP_ANALYSIS = YES;
				CLANG_WARN_STRICT_PROTOTYPES = YES;
				CLANG_WARN_SUSPICIOUS_MOVE = YES;
				CLANG_WARN_UNGUARDED_AVAILABILITY = YES_AGGRESSIVE;
				CLANG_WARN_UNREACHABLE_CODE = YES;
				CLANG_WARN__DUPLICATE_METHOD_MATCH = YES;
				CODE_SIGN_IDENTITY = "iPhone Developer";
				COPY_PHASE_STRIP = NO;
				DEBUG_INFORMATION_FORMAT = dwarf;
				ENABLE_STRICT_OBJC_MSGSEND = YES;
				ENABLE_TESTABILITY = YES;
				GCC_C_LANGUAGE_STANDARD = gnu11;
				GCC_DYNAMIC_NO_PIC = NO;
				GCC_NO_COMMON_BLOCKS = YES;
				GCC_OPTIMIZATION_LEVEL = 0;
				GCC_PREPROCESSOR_DEFINITIONS = (
					"DEBUG=1",
					"$(inherited)",
				);
				GCC_WARN_64_TO_32_BIT_CONVERSION = YES;
				GCC_WARN_ABOUT_RETURN_TYPE = YES_ERROR;
				GCC_WARN_UNDECLARED_SELECTOR = YES;
				GCC_WARN_UNINITIALIZED_AUTOS = YES_AGGRESSIVE;
				GCC_WARN_UNUSED_FUNCTION = YES;
				GCC_WARN_UNUSED_VARIABLE = YES;
				IPHONEOS_DEPLOYMENT_TARGET = 11.2;
				MTL_ENABLE_DEBUG_INFO = YES;
				ONLY_ACTIVE_ARCH = YES;
				SDKROOT = iphoneos;
				SWIFT_ACTIVE_COMPILATION_CONDITIONS = DEBUG;
				SWIFT_OPTIMIZATION_LEVEL = "-Onone";
			};
			name = Debug;
		};
		614032BE1FFE511D002E02F1 /* Release */ = {
			isa = XCBuildConfiguration;
			buildSettings = {
				ALWAYS_SEARCH_USER_PATHS = NO;
				CLANG_ANALYZER_NONNULL = YES;
				CLANG_ANALYZER_NUMBER_OBJECT_CONVERSION = YES_AGGRESSIVE;
				CLANG_CXX_LANGUAGE_STANDARD = "gnu++14";
				CLANG_CXX_LIBRARY = "libc++";
				CLANG_ENABLE_MODULES = YES;
				CLANG_ENABLE_OBJC_ARC = YES;
				CLANG_WARN_BLOCK_CAPTURE_AUTORELEASING = YES;
				CLANG_WARN_BOOL_CONVERSION = YES;
				CLANG_WARN_COMMA = YES;
				CLANG_WARN_CONSTANT_CONVERSION = YES;
				CLANG_WARN_DIRECT_OBJC_ISA_USAGE = YES_ERROR;
				CLANG_WARN_DOCUMENTATION_COMMENTS = YES;
				CLANG_WARN_EMPTY_BODY = YES;
				CLANG_WARN_ENUM_CONVERSION = YES;
				CLANG_WARN_INFINITE_RECURSION = YES;
				CLANG_WARN_INT_CONVERSION = YES;
				CLANG_WARN_NON_LITERAL_NULL_CONVERSION = YES;
				CLANG_WARN_OBJC_LITERAL_CONVERSION = YES;
				CLANG_WARN_OBJC_ROOT_CLASS = YES_ERROR;
				CLANG_WARN_RANGE_LOOP_ANALYSIS = YES;
				CLANG_WARN_STRICT_PROTOTYPES = YES;
				CLANG_WARN_SUSPICIOUS_MOVE = YES;
				CLANG_WARN_UNGUARDED_AVAILABILITY = YES_AGGRESSIVE;
				CLANG_WARN_UNREACHABLE_CODE = YES;
				CLANG_WARN__DUPLICATE_METHOD_MATCH = YES;
				CODE_SIGN_IDENTITY = "iPhone Developer";
				COPY_PHASE_STRIP = NO;
				DEBUG_INFORMATION_FORMAT = "dwarf-with-dsym";
				ENABLE_NS_ASSERTIONS = NO;
				ENABLE_STRICT_OBJC_MSGSEND = YES;
				GCC_C_LANGUAGE_STANDARD = gnu11;
				GCC_NO_COMMON_BLOCKS = YES;
				GCC_WARN_64_TO_32_BIT_CONVERSION = YES;
				GCC_WARN_ABOUT_RETURN_TYPE = YES_ERROR;
				GCC_WARN_UNDECLARED_SELECTOR = YES;
				GCC_WARN_UNINITIALIZED_AUTOS = YES_AGGRESSIVE;
				GCC_WARN_UNUSED_FUNCTION = YES;
				GCC_WARN_UNUSED_VARIABLE = YES;
				IPHONEOS_DEPLOYMENT_TARGET = 11.2;
				MTL_ENABLE_DEBUG_INFO = NO;
				SDKROOT = iphoneos;
				SWIFT_OPTIMIZATION_LEVEL = "-Owholemodule";
				VALIDATE_PRODUCT = YES;
			};
			name = Release;
		};
		614032C01FFE511D002E02F1 /* Debug */ = {
			isa = XCBuildConfiguration;
			baseConfigurationReference = 5C7AEEB2FB2256538A6C861B /* Pods-Smack.debug.xcconfig */;
			buildSettings = {
				ASSETCATALOG_COMPILER_APPICON_NAME = AppIcon;
				CLANG_ENABLE_MODULES = YES;
				CODE_SIGN_STYLE = Automatic;
				INFOPLIST_FILE = Smack/Info.plist;
				LD_RUNPATH_SEARCH_PATHS = "$(inherited) @executable_path/Frameworks";
				PRODUCT_BUNDLE_IDENTIFIER = com.benjaminwilson.Smack;
				PRODUCT_NAME = "$(TARGET_NAME)";
				SWIFT_OBJC_BRIDGING_HEADER = "Smack/Supporting Files/Smack-Bridging-Header.h";
				SWIFT_OPTIMIZATION_LEVEL = "-Onone";
				SWIFT_VERSION = 4.0;
				TARGETED_DEVICE_FAMILY = "1,2";
			};
			name = Debug;
		};
		614032C11FFE511D002E02F1 /* Release */ = {
			isa = XCBuildConfiguration;
			baseConfigurationReference = 5E1C30A3526BB64091F4C876 /* Pods-Smack.release.xcconfig */;
			buildSettings = {
				ASSETCATALOG_COMPILER_APPICON_NAME = AppIcon;
				CLANG_ENABLE_MODULES = YES;
				CODE_SIGN_STYLE = Automatic;
				INFOPLIST_FILE = Smack/Info.plist;
				LD_RUNPATH_SEARCH_PATHS = "$(inherited) @executable_path/Frameworks";
				PRODUCT_BUNDLE_IDENTIFIER = com.benjaminwilson.Smack;
				PRODUCT_NAME = "$(TARGET_NAME)";
				SWIFT_OBJC_BRIDGING_HEADER = "Smack/Supporting Files/Smack-Bridging-Header.h";
				SWIFT_VERSION = 4.0;
				TARGETED_DEVICE_FAMILY = "1,2";
			};
			name = Release;
		};
/* End XCBuildConfiguration section */

/* Begin XCConfigurationList section */
		614032A81FFE511D002E02F1 /* Build configuration list for PBXProject "Smack" */ = {
			isa = XCConfigurationList;
			buildConfigurations = (
				614032BD1FFE511D002E02F1 /* Debug */,
				614032BE1FFE511D002E02F1 /* Release */,
			);
			defaultConfigurationIsVisible = 0;
			defaultConfigurationName = Release;
		};
		614032BF1FFE511D002E02F1 /* Build configuration list for PBXNativeTarget "Smack" */ = {
			isa = XCConfigurationList;
			buildConfigurations = (
				614032C01FFE511D002E02F1 /* Debug */,
				614032C11FFE511D002E02F1 /* Release */,
			);
			defaultConfigurationIsVisible = 0;
			defaultConfigurationName = Release;
		};
/* End XCConfigurationList section */
	};
	rootObject = 614032A51FFE511D002E02F1 /* Project object */;
}
